{
  "name": "@srouse/testing-0-0-7",
  "version": "1.0.0",
  "lockfileVersion": 2,
  "requires": true,
  "packages": {
    "": {
      "name": "@srouse/testing-0-0-7",
      "version": "0.0.0",
      "license": "MIT",
      "dependencies": {
        "csstype": "^3.1.1"
      },
      "devDependencies": {}
    }
  },
  "dependencies": {
    "csstype": {
      "version": "3.1.1",
      "resolved": "https://registry.npmjs.org/csstype/-/csstype-3.1.1.tgz",
      "integrity": "sha512-DJR/VvkAvSZW9bTouZue2sSxDwdTN92uHjqeKVm+0dAqdfNykRzQ95tay8aXMBAAPpUiq4Qcug2L7neoRh2Egw=="
    }
  }
}